
Microsoft Visual Studio Solution File, Format Version 12.00
# Visual Studio Version 16
VisualStudioVersion = 16.0.32106.194
MinimumVisualStudioVersion = 10.0.40219.1
Project("{FAE04EC0-301F-11D3-BF4B-00C04F79EFBC}") = "Functions", "Functions\Functions.csproj", "{5F5D8C31-0F26-46F0-8FEF-F1BC1A77F1EC}"
EndProject
Project("{FAE04EC0-301F-11D3-BF4B-00C04F79EFBC}") = "UserNameData", "UserNameData\UserNameData.csproj", "{55138618-A592-4125-AD5B-0B7DF4AD58A2}"
EndProject
Project("{FAE04EC0-301F-11D3-BF4B-00C04F79EFBC}") = "UserNameDataTask", "UserNameDataTask\UserNameDataTask.csproj", "{388986BA-6672-4289-8946-92730F6F5D60}"
EndProject
Global
	GlobalSection(SolutionConfigurationPlatforms) = preSolution
		Debug|Any CPU = Debug|Any CPU
		Release|Any CPU = Release|Any CPU
	EndGlobalSection
	GlobalSection(ProjectConfigurationPlatforms) = postSolution
		{5F5D8C31-0F26-46F0-8FEF-F1BC1A77F1EC}.Debug|Any CPU.ActiveCfg = Debug|Any CPU
		{5F5D8C31-0F26-46F0-8FEF-F1BC1A77F1EC}.Debug|Any CPU.Build.0 = Debug|Any CPU
		{5F5D8C31-0F26-46F0-8FEF-F1BC1A77F1EC}.Release|Any CPU.ActiveCfg = Release|Any CPU
		{5F5D8C31-0F26-46F0-8FEF-F1BC1A77F1EC}.Release|Any CPU.Build.0 = Release|Any CPU
		{55138618-A592-4125-AD5B-0B7DF4AD58A2}.Debug|Any CPU.ActiveCfg = Debug|Any CPU
		{55138618-A592-4125-AD5B-0B7DF4AD58A2}.Debug|Any CPU.Build.0 = Debug|Any CPU
		{55138618-A592-4125-AD5B-0B7DF4AD58A2}.Release|Any CPU.ActiveCfg = Release|Any CPU
		{55138618-A592-4125-AD5B-0B7DF4AD58A2}.Release|Any CPU.Build.0 = Release|Any CPU
		{388986BA-6672-4289-8946-92730F6F5D60}.Debug|Any CPU.ActiveCfg = Debug|Any CPU
		{388986BA-6672-4289-8946-92730F6F5D60}.Debug|Any CPU.Build.0 = Debug|Any CPU
		{388986BA-6672-4289-8946-92730F6F5D60}.Release|Any CPU.ActiveCfg = Release|Any CPU
		{388986BA-6672-4289-8946-92730F6F5D60}.Release|Any CPU.Build.0 = Release|Any CPU
	EndGlobalSection
	GlobalSection(SolutionProperties) = preSolution
		HideSolutionNode = FALSE
	EndGlobalSection
	GlobalSection(ExtensibilityGlobals) = postSolution
		SolutionGuid = {76798D3B-97DF-49CC-AC73-3CE412B89126}
	EndGlobalSection
EndGlobal
